// !$*UTF8*$!
{
	archiveVersion = 1;
	classes = {
	};
	objectVersion = 46;
	objects = {

/* Begin PBXBuildFile section */
		E4725AA61D20FCBB00D59FF3 /* main.m in Sources */ = {isa = PBXBuildFile; fileRef = E4725AA51D20FCBB00D59FF3 /* main.m */; };
		E4725AA91D20FCBB00D59FF3 /* AppDelegate.m in Sources */ = {isa = PBXBuildFile; fileRef = E4725AA81D20FCBB00D59FF3 /* AppDelegate.m */; };
		E4725AAC1D20FCBB00D59FF3 /* ViewController.m in Sources */ = {isa = PBXBuildFile; fileRef = E4725AAB1D20FCBB00D59FF3 /* ViewController.m */; };
		E4725AAF1D20FCBB00D59FF3 /* Main.storyboard in Resources */ = {isa = PBXBuildFile; fileRef = E4725AAD1D20FCBB00D59FF3 /* Main.storyboard */; };
		E4725AB11D20FCBB00D59FF3 /* Assets.xcassets in Resources */ = {isa = PBXBuildFile; fileRef = E4725AB01D20FCBB00D59FF3 /* Assets.xcassets */; };
		E4725AB41D20FCBB00D59FF3 /* LaunchScreen.storyboard in Resources */ = {isa = PBXBuildFile; fileRef = E4725AB21D20FCBB00D59FF3 /* LaunchScreen.storyboard */; };
/* End PBXBuildFile section */

/* Begin PBXFileReference section */
		E4725AA11D20FCBB00D59FF3 /* project.app */ = {isa = PBXFileReference; explicitFileType = wrapper.application; includeInIndex = 0; path = project.app; sourceTree = BUILT_PRODUCTS_DIR; };
		E4725AA51D20FCBB00D59FF3 /* main.m */ = {isa = PBXFileReference; lastKnownFileType = sourcecode.c.objc; path = main.m; sourceTree = "<group>"; };
		E4725AA71D20FCBB00D59FF3 /* AppDelegate.h */ = {isa = PBXFileReference; lastKnownFileType = sourcecode.c.h; path = AppDelegate.h; sourceTree = "<group>"; };
		E4725AA81D20FCBB00D59FF3 /* AppDelegate.m */ = {isa = PBXFileReference; lastKnownFileType = sourcecode.c.objc; path = AppDelegate.m; sourceTree = "<group>"; };
		E4725AAA1D20FCBB00D59FF3 /* ViewController.h */ = {isa = PBXFileReference; lastKnownFileType = sourcecode.c.h; path = ViewController.h; sourceTree = "<group>"; };
		E4725AAB1D20FCBB00D59FF3 /* ViewController.m */ = {isa = PBXFileReference; lastKnownFileType = sourcecode.c.objc; path = ViewController.m; sourceTree = "<group>"; };
		E4725AAE1D20FCBB00D59FF3 /* Base */ = {isa = PBXFileReference; lastKnownFileType = file.storyboard; name = Base; path = Base.lproj/Main.storyboard; sourceTree = "<group>"; };
		E4725AB01D20FCBB00D59FF3 /* Assets.xcassets */ = {isa = PBXFileReference; lastKnownFileType = folder.assetcatalog; path = Assets.xcassets; sourceTree = "<group>"; };
		E4725AB31D20FCBB00D59FF3 /* Base */ = {isa = PBXFileReference; lastKnownFileType = file.storyboard; name = Base; path = Base.lproj/LaunchScreen.storyboard; sourceTree = "<group>"; };
		E4725AB51D20FCBB00D59FF3 /* Info.plist */ = {isa = PBXFileReference; lastKnownFileType = text.plist.xml; path = Info.plist; sourceTree = "<group>"; };
/* End PBXFileReference section */

/* Begin PBXFrameworksBuildPhase section */
		E4725A9E1D20FCBB00D59FF3 /* Frameworks */ = {
			isa = PBXFrameworksBuildPhase;
			buildActionMask = 2147483647;
			files = (
			);
			runOnlyForDeploymentPostprocessing = 0;
		};
/* End PBXFrameworksBuildPhase section */

/* Begin PBXGroup section */
		E4725A981D20FCBB00D59FF3 = {
			isa = PBXGroup;
			children = (
				E4725AA31D20FCBB00D59FF3 /* project */,
				E4725AA21D20FCBB00D59FF3 /* Products */,
			);
			sourceTree = "<group>";
		};
		E4725AA21D20FCBB00D59FF3 /* Products */ = {
			isa = PBXGroup;
			children = (
				E4725AA11D20FCBB00D59FF3 /* project.app */,
			);
			name = Products;
			sourceTree = "<group>";
		};
		E4725AA31D20FCBB00D59FF3 /* project */ = {
			isa = PBXGroup;
			children = (
				E4725AA71D20FCBB00D59FF3 /* AppDelegate.h */,
				E4725AA81D20FCBB00D59FF3 /* AppDelegate.m */,
				E4725AAA1D20FCBB00D59FF3 /* ViewController.h */,
				E4725AAB1D20FCBB00D59FF3 /* ViewController.m */,
				E4725AAD1D20FCBB00D59FF3 /* Main.storyboard */,
				E4725AB01D20FCBB00D59FF3 /* Assets.xcassets */,
				E4725AB21D20FCBB00D59FF3 /* LaunchScreen.storyboard */,
				E4725AB51D20FCBB00D59FF3 /* Info.plist */,
				E4725AA41D20FCBB00D59FF3 /* Supporting Files */,
			);
			path = project;
			sourceTree = "<group>";
		};
		E4725AA41D20FCBB00D59FF3 /* Supporting Files */ = {
			isa = PBXGroup;
			children = (
				E4725AA51D20FCBB00D59FF3 /* main.m */,
			);
			name = "Supporting Files";
			sourceTree = "<group>";
		};
/* End PBXGroup section */

/* Begin PBXNativeTarget section */
		E4725AA01D20FCBB00D59FF3 /* project */ = {
			isa = PBXNativeTarget;
			buildConfigurationList = E4725AB81D20FCBB00D59FF3 /* Build configuration list for PBXNativeTarget "project" */;
			buildPhases = (
				E4725A9D1D20FCBB00D59FF3 /* Sources */,
				E4725A9E1D20FCBB00D59FF3 /* Frameworks */,
				E4725A9F1D20FCBB00D59FF3 /* Resources */,
			);
			buildRules = (
			);
			dependencies = (
			);
			name = project;
			productName = project;
			productReference = E4725AA11D20FCBB00D59FF3 /* project.app */;
			productType = "com.apple.product-type.application";
		};
/* End PBXNativeTarget section */

/* Begin PBXProject section */
		E4725A991D20FCBB00D59FF3 /* Project object */ = {
			isa = PBXProject;
			attributes = {
				LastUpgradeCheck = 0720;
				ORGANIZATIONNAME = cn.sophietobeabetterone;
				TargetAttributes = {
					E4725AA01D20FCBB00D59FF3 = {
						CreatedOnToolsVersion = 7.2;
					};
				};
			};
			buildConfigurationList = E4725A9C1D20FCBB00D59FF3 /* Build configuration list for PBXProject "project" */;
			compatibilityVersion = "Xcode 3.2";
			developmentRegion = English;
			hasScannedForEncodings = 0;
			knownRegions = (
				en,
				Base,
			);
			mainGroup = E4725A981D20FCBB00D59FF3;
			productRefGroup = E4725AA21D20FCBB00D59FF3 /* Products */;
			projectDirPath = "";
			projectRoot = "";
			targets = (
				E4725AA01D20FCBB00D59FF3 /* project */,
			);
		};
/* End PBXProject section */

/* Begin PBXResourcesBuildPhase section */
		E4725A9F1D20FCBB00D59FF3 /* Resources */ = {
			isa = PBXResourcesBuildPhase;
			buildActionMask = 2147483647;
			files = (
				E4725AB41D20FCBB00D59FF3 /* LaunchScreen.storyboard in Resources */,
				E4725AB11D20FCBB00D59FF3 /* Assets.xcassets in Resources */,
				E4725AAF1D20FCBB00D59FF3 /* Main.storyboard in Resources */,
			);
			runOnlyForDeploymentPostprocessing = 0;
		};
/* End PBXResourcesBuildPhase section */

/* Begin PBXSourcesBuildPhase section */
		E4725A9D1D20FCBB00D59FF3 /* Sources */ = {
			isa = PBXSourcesBuildPhase;
			buildActionMask = 2147483647;
			files = (
				E4725AAC1D20FCBB00D59FF3 /* ViewController.m in Sources */,
				E4725AA91D20FCBB00D59FF3 /* AppDelegate.m in Sources */,
				E4725AA61D20FCBB00D59FF3 /* main.m in Sources */,
			);
			runOnlyForDeploymentPostprocessing = 0;
		};
/* End PBXSourcesBuildPhase section */

/* Begin PBXVariantGroup section */
		E4725AAD1D20FCBB00D59FF3 /* Main.storyboard */ = {
			isa = PBXVariantGroup;
			children = (
				E4725AAE1D20FCBB00D59FF3 /* Base */,
			);
			name = Main.storyboard;
			sourceTree = "<group>";
		};
		E4725AB21D20FCBB00D59FF3 /* LaunchScreen.storyboard */ = {
			isa = PBXVariantGroup;
			children = (
				E4725AB31D20FCBB00D59FF3 /* Base */,
			);
			name = LaunchScreen.storyboard;
			sourceTree = "<group>";
		};
/* End PBXVariantGroup section */

/* Begin XCBuildConfiguration section */
		E4725AB61D20FCBB00D59FF3 /* Debug */ = {
			isa = XCBuildConfiguration;
			buildSettings = {
				ALWAYS_SEARCH_USER_PATHS = NO;
				CLANG_CXX_LANGUAGE_STANDARD = "gnu++0x";
				CLANG_CXX_LIBRARY = "libc++";
				CLANG_ENABLE_MODULES = YES;
				CLANG_ENABLE_OBJC_ARC = YES;
				CLANG_WARN_BOOL_CONVERSION = YES;
				CLANG_WARN_CONSTANT_CONVERSION = YES;
				CLANG_WARN_DIRECT_OBJC_ISA_USAGE = YES_ERROR;
				CLANG_WARN_EMPTY_BODY = YES;
				CLANG_WARN_ENUM_CONVERSION = YES;
				CLANG_WARN_INT_CONVERSION = YES;
				CLANG_WARN_OBJC_ROOT_CLASS = YES_ERROR;
				CLANG_WARN_UNREACHABLE_CODE = YES;
				CLANG_WARN__DUPLICATE_METHOD_MATCH = YES;
				"CODE_SIGN_IDENTITY[sdk=iphoneos*]" = "iPhone Developer";
				COPY_PHASE_STRIP = NO;
				DEBUG_INFORMATION_FORMAT = dwarf;
				ENABLE_STRICT_OBJC_MSGSEND = YES;
				ENABLE_TESTABILITY = YES;
				GCC_C_LANGUAGE_STANDARD = gnu99;
				GCC_DYNAMIC_NO_PIC = NO;
				GCC_NO_COMMON_BLOCKS = YES;
				GCC_OPTIMIZATION_LEVEL = 0;
				GCC_PREPROCESSOR_DEFINITIONS = (
					"DEBUG=1",
					"$(inherited)",
				);
				GCC_WARN_64_TO_32_BIT_CONVERSION = YES;
				GCC_WARN_ABOUT_RETURN_TYPE = YES_ERROR;
				GCC_WARN_UNDECLARED_SELECTOR = YES;
				GCC_WARN_UNINITIALIZED_AUTOS = YES_AGGRESSIVE;
				GCC_WARN_UNUSED_FUNCTION = YES;
				GCC_WARN_UNUSED_VARIABLE = YES;
				IPHONEOS_DEPLOYMENT_TARGET = 9.2;
				MTL_ENABLE_DEBUG_INFO = YES;
				ONLY_ACTIVE_ARCH = YES;
				SDKROOT = iphoneos;
			};
			name = Debug;
		};
		E4725AB71D20FCBB00D59FF3 /* Release */ = {
			isa = XCBuildConfiguration;
			buildSettings = {
				ALWAYS_SEARCH_USER_PATHS = NO;
				CLANG_CXX_LANGUAGE_STANDARD = "gnu++0x";
				CLANG_CXX_LIBRARY = "libc++";
				CLANG_ENABLE_MODULES = YES;
				CLANG_ENABLE_OBJC_ARC = YES;
				CLANG_WARN_BOOL_CONVERSION = YES;
				CLANG_WARN_CONSTANT_CONVERSION = YES;
				CLANG_WARN_DIRECT_OBJC_ISA_USAGE = YES_ERROR;
				CLANG_WARN_EMPTY_BODY = YES;
				CLANG_WARN_ENUM_CONVERSION = YES;
				CLANG_WARN_INT_CONVERSION = YES;
				CLANG_WARN_OBJC_ROOT_CLASS = YES_ERROR;
				CLANG_WARN_UNREACHABLE_CODE = YES;
				CLANG_WARN__DUPLICATE_METHOD_MATCH = YES;
				"CODE_SIGN_IDENTITY[sdk=iphoneos*]" = "iPhone Developer";
				COPY_PHASE_STRIP = NO;
				DEBUG_INFORMATION_FORMAT = "dwarf-with-dsym";
				ENABLE_NS_ASSERTIONS = NO;
				ENABLE_STRICT_OBJC_MSGSEND = YES;
				GCC_C_LANGUAGE_STANDARD = gnu99;
				GCC_NO_COMMON_BLOCKS = YES;
				GCC_WARN_64_TO_32_BIT_CONVERSION = YES;
				GCC_WARN_ABOUT_RETURN_TYPE = YES_ERROR;
				GCC_WARN_UNDECLARED_SELECTOR = YES;
				GCC_WARN_UNINITIALIZED_AUTOS = YES_AGGRESSIVE;
				GCC_WARN_UNUSED_FUNCTION = YES;
				GCC_WARN_UNUSED_VARIABLE = YES;
				IPHONEOS_DEPLOYMENT_TARGET = 9.2;
				MTL_ENABLE_DEBUG_INFO = NO;
				SDKROOT = iphoneos;
				VALIDATE_PRODUCT = YES;
			};
			name = Release;
		};
		E4725AB91D20FCBB00D59FF3 /* Debug */ = {
			isa = XCBuildConfiguration;
			buildSettings = {
				ASSETCATALOG_COMPILER_APPICON_NAME = AppIcon;
				INFOPLIST_FILE = project/Info.plist;
				LD_RUNPATH_SEARCH_PATHS = "$(inherited) @executable_path/Frameworks";
				PRODUCT_BUNDLE_IDENTIFIER = cn.yfx.project;
				PRODUCT_NAME = "$(TARGET_NAME)";
			};
			name = Debug;
		};
		E4725ABA1D20FCBB00D59FF3 /* Release */ = {
			isa = XCBuildConfiguration;
			buildSettings = {
				ASSETCATALOG_COMPILER_APPICON_NAME = AppIcon;
				INFOPLIST_FILE = project/Info.plist;
				LD_RUNPATH_SEARCH_PATHS = "$(inherited) @executable_path/Frameworks";
				PRODUCT_BUNDLE_IDENTIFIER = cn.yfx.project;
				PRODUCT_NAME = "$(TARGET_NAME)";
			};
			name = Release;
		};
/* End XCBuildConfiguration section */

/* Begin XCConfigurationList section */
		E4725A9C1D20FCBB00D59FF3 /* Build configuration list for PBXProject "project" */ = {
			isa = XCConfigurationList;
			buildConfigurations = (
				E4725AB61D20FCBB00D59FF3 /* Debug */,
				E4725AB71D20FCBB00D59FF3 /* Release */,
			);
			defaultConfigurationIsVisible = 0;
			defaultConfigurationName = Release;
		};
		E4725AB81D20FCBB00D59FF3 /* Build configuration list for PBXNativeTarget "project" */ = {
			isa = XCConfigurationList;
			buildConfigurations = (
				E4725AB91D20FCBB00D59FF3 /* Debug */,
				E4725ABA1D20FCBB00D59FF3 /* Release */,
			);
			defaultConfigurationIsVisible = 0;
			defaultConfigurationName = Release;
		};
/* End XCConfigurationList section */
	};
	rootObject = E4725A991D20FCBB00D59FF3 /* Project object */;
}
